
Microsoft Visual Studio Solution File, Format Version 12.00
# Visual Studio Version 16
VisualStudioVersion = 16.0.31515.178
MinimumVisualStudioVersion = 10.0.40219.1
Project("{888888A0-9F3D-457C-B088-3A5042F75D52}") = "Invoice Line Item Calculator", "Invoice Line Item Calculator.pyproj", "{D288ED60-22D8-459A-B23D-8A64DB858566}"
EndProject
Global
	GlobalSection(SolutionConfigurationPlatforms) = preSolution
		Debug|Any CPU = Debug|Any CPU
		Release|Any CPU = Release|Any CPU
	EndGlobalSection
	GlobalSection(ProjectConfigurationPlatforms) = postSolution
		{D288ED60-22D8-459A-B23D-8A64DB858566}.Debug|Any CPU.ActiveCfg = Debug|Any CPU
		{D288ED60-22D8-459A-B23D-8A64DB858566}.Release|Any CPU.ActiveCfg = Release|Any CPU
	EndGlobalSection
	GlobalSection(SolutionProperties) = preSolution
		HideSolutionNode = FALSE
	EndGlobalSection
	GlobalSection(ExtensibilityGlobals) = postSolution
		SolutionGuid = {766E37D5-C4F8-4FB7-8888-65E0D2716DAA}
	EndGlobalSection
EndGlobal
